
Microsoft Visual Studio Solution File, Format Version 12.00
# Visual Studio 14
VisualStudioVersion = 14.0.23107.0
MinimumVisualStudioVersion = 10.0.40219.1
Project("{FAE04EC0-301F-11D3-BF4B-00C04F79EFBC}") = "XSDR", "XSDR.csproj", "{535628CA-F8A2-4387-93BB-1A774C285545}"
EndProject
Project("{FAE04EC0-301F-11D3-BF4B-00C04F79EFBC}") = "XSDR.Tests", "..\XSDR.Tests\XSDR.Tests.csproj", "{BEA0A4D6-1B1F-4D48-823E-5DEAC0AF3450}"
EndProject
Project("{FAE04EC0-301F-11D3-BF4B-00C04F79EFBC}") = "XSDR.Examples", "..\XSDR.Examples\XSDR.Examples.csproj", "{5197B55D-DB63-4567-ACD4-0A4C0A30E284}"
EndProject
Project("{FAE04EC0-301F-11D3-BF4B-00C04F79EFBC}") = "DSS", "..\DSS\DSS.csproj", "{71747981-5561-431C-934F-938B4B5D12B2}"
EndProject
Project("{FAE04EC0-301F-11D3-BF4B-00C04F79EFBC}") = "DSS.Tests", "..\DSS.Tests\DSS.Tests.csproj", "{60CB5D48-9A11-449A-8EDA-B88E01A3CB97}"
EndProject
Global
	GlobalSection(SolutionConfigurationPlatforms) = preSolution
		Debug|Any CPU = Debug|Any CPU
		Release|Any CPU = Release|Any CPU
	EndGlobalSection
	GlobalSection(ProjectConfigurationPlatforms) = postSolution
		{535628CA-F8A2-4387-93BB-1A774C285545}.Debug|Any CPU.ActiveCfg = Debug|Any CPU
		{535628CA-F8A2-4387-93BB-1A774C285545}.Debug|Any CPU.Build.0 = Debug|Any CPU
		{535628CA-F8A2-4387-93BB-1A774C285545}.Release|Any CPU.ActiveCfg = Release|Any CPU
		{535628CA-F8A2-4387-93BB-1A774C285545}.Release|Any CPU.Build.0 = Release|Any CPU
		{BEA0A4D6-1B1F-4D48-823E-5DEAC0AF3450}.Debug|Any CPU.ActiveCfg = Debug|Any CPU
		{BEA0A4D6-1B1F-4D48-823E-5DEAC0AF3450}.Debug|Any CPU.Build.0 = Debug|Any CPU
		{BEA0A4D6-1B1F-4D48-823E-5DEAC0AF3450}.Release|Any CPU.ActiveCfg = Release|Any CPU
		{BEA0A4D6-1B1F-4D48-823E-5DEAC0AF3450}.Release|Any CPU.Build.0 = Release|Any CPU
		{5197B55D-DB63-4567-ACD4-0A4C0A30E284}.Debug|Any CPU.ActiveCfg = Debug|Any CPU
		{5197B55D-DB63-4567-ACD4-0A4C0A30E284}.Debug|Any CPU.Build.0 = Debug|Any CPU
		{5197B55D-DB63-4567-ACD4-0A4C0A30E284}.Release|Any CPU.ActiveCfg = Release|Any CPU
		{5197B55D-DB63-4567-ACD4-0A4C0A30E284}.Release|Any CPU.Build.0 = Release|Any CPU
		{71747981-5561-431C-934F-938B4B5D12B2}.Debug|Any CPU.ActiveCfg = Debug|Any CPU
		{71747981-5561-431C-934F-938B4B5D12B2}.Debug|Any CPU.Build.0 = Debug|Any CPU
		{71747981-5561-431C-934F-938B4B5D12B2}.Release|Any CPU.ActiveCfg = Release|Any CPU
		{71747981-5561-431C-934F-938B4B5D12B2}.Release|Any CPU.Build.0 = Release|Any CPU
		{60CB5D48-9A11-449A-8EDA-B88E01A3CB97}.Debug|Any CPU.ActiveCfg = Debug|Any CPU
		{60CB5D48-9A11-449A-8EDA-B88E01A3CB97}.Debug|Any CPU.Build.0 = Debug|Any CPU
		{60CB5D48-9A11-449A-8EDA-B88E01A3CB97}.Release|Any CPU.ActiveCfg = Release|Any CPU
		{60CB5D48-9A11-449A-8EDA-B88E01A3CB97}.Release|Any CPU.Build.0 = Release|Any CPU
	EndGlobalSection
	GlobalSection(SolutionProperties) = preSolution
		HideSolutionNode = FALSE
	EndGlobalSection
EndGlobal
